Microsoft Visual Studio Solution File, Format Version 12.00
# Visual Studio Version 17
VisualStudioVersion = 17.5.2.0
MinimumVisualStudioVersion = 10.0.40219.1
Project("{FAE04EC0-301F-11D3-BF4B-00C04F79EFBC}") = "Blackbird.Filters", "Blackbird.Filters.csproj", "{9612DC74-0D55-5EC8-ADB6-811752B8E263}"
EndProject
Global
	GlobalSection(SolutionConfigurationPlatforms) = preSolution
		Debug|Any CPU = Debug|Any CPU
		Release|Any CPU = Release|Any CPU
	EndGlobalSection
	GlobalSection(ProjectConfigurationPlatforms) = postSolution
		{9612DC74-0D55-5EC8-ADB6-811752B8E263}.Debug|Any CPU.ActiveCfg = Debug|Any CPU
		{9612DC74-0D55-5EC8-ADB6-811752B8E263}.Debug|Any CPU.Build.0 = Debug|Any CPU
		{9612DC74-0D55-5EC8-ADB6-811752B8E263}.Release|Any CPU.ActiveCfg = Release|Any CPU
		{9612DC74-0D55-5EC8-ADB6-811752B8E263}.Release|Any CPU.Build.0 = Release|Any CPU
	EndGlobalSection
	GlobalSection(SolutionProperties) = preSolution
		HideSolutionNode = FALSE
	EndGlobalSection
	GlobalSection(ExtensibilityGlobals) = postSolution
		SolutionGuid = {68BC05EA-C408-4E9C-AB41-78AD04D6C188}
	EndGlobalSection
EndGlobal
